
Microsoft Visual Studio Solution File, Format Version 12.00
# Visual Studio Version 16
VisualStudioVersion = 16.0.35026.282
MinimumVisualStudioVersion = 10.0.40219.1
Project("{9A19103F-16F7-4668-BE54-9A1E7A4F7556}") = "TiendaServicios.api.Autor", "TiendaServicios.api.Autor\TiendaServicios.api.Autor.csproj", "{2F809A4C-530C-4F51-9220-FC050F2CEE9E}"
EndProject
Project("{9A19103F-16F7-4668-BE54-9A1E7A4F7556}") = "TiendaServicios.Api.Libro", "TiendaServicios.Api.Libro\TiendaServicios.Api.Libro.csproj", "{41A7E6C1-9BF9-4691-878C-F8DFABDD8E66}"
EndProject
Project("{9A19103F-16F7-4668-BE54-9A1E7A4F7556}") = "TiendaServicios.Api.CarritoCompra", "TiendaServicios.Api.CarritoCompra\TiendaServicios.Api.CarritoCompra.csproj", "{37F88B36-96E2-4D1A-B1C4-0293576E704F}"
EndProject
Project("{FAE04EC0-301F-11D3-BF4B-00C04F79EFBC}") = "TiendaServicios.Api.Libro.Tests", "TiendaServicios.Api.Libro.Tests\TiendaServicios.Api.Libro.Tests.csproj", "{B2B2FCF7-6ACE-44AF-A14A-507F7AD18F16}"
EndProject
Global
	GlobalSection(SolutionConfigurationPlatforms) = preSolution
		Debug|Any CPU = Debug|Any CPU
		Release|Any CPU = Release|Any CPU
	EndGlobalSection
	GlobalSection(ProjectConfigurationPlatforms) = postSolution
		{2F809A4C-530C-4F51-9220-FC050F2CEE9E}.Debug|Any CPU.ActiveCfg = Debug|Any CPU
		{2F809A4C-530C-4F51-9220-FC050F2CEE9E}.Debug|Any CPU.Build.0 = Debug|Any CPU
		{2F809A4C-530C-4F51-9220-FC050F2CEE9E}.Release|Any CPU.ActiveCfg = Release|Any CPU
		{2F809A4C-530C-4F51-9220-FC050F2CEE9E}.Release|Any CPU.Build.0 = Release|Any CPU
		{41A7E6C1-9BF9-4691-878C-F8DFABDD8E66}.Debug|Any CPU.ActiveCfg = Debug|Any CPU
		{41A7E6C1-9BF9-4691-878C-F8DFABDD8E66}.Debug|Any CPU.Build.0 = Debug|Any CPU
		{41A7E6C1-9BF9-4691-878C-F8DFABDD8E66}.Release|Any CPU.ActiveCfg = Release|Any CPU
		{41A7E6C1-9BF9-4691-878C-F8DFABDD8E66}.Release|Any CPU.Build.0 = Release|Any CPU
		{37F88B36-96E2-4D1A-B1C4-0293576E704F}.Debug|Any CPU.ActiveCfg = Debug|Any CPU
		{37F88B36-96E2-4D1A-B1C4-0293576E704F}.Debug|Any CPU.Build.0 = Debug|Any CPU
		{37F88B36-96E2-4D1A-B1C4-0293576E704F}.Release|Any CPU.ActiveCfg = Release|Any CPU
		{37F88B36-96E2-4D1A-B1C4-0293576E704F}.Release|Any CPU.Build.0 = Release|Any CPU
		{B2B2FCF7-6ACE-44AF-A14A-507F7AD18F16}.Debug|Any CPU.ActiveCfg = Debug|Any CPU
		{B2B2FCF7-6ACE-44AF-A14A-507F7AD18F16}.Debug|Any CPU.Build.0 = Debug|Any CPU
		{B2B2FCF7-6ACE-44AF-A14A-507F7AD18F16}.Release|Any CPU.ActiveCfg = Release|Any CPU
		{B2B2FCF7-6ACE-44AF-A14A-507F7AD18F16}.Release|Any CPU.Build.0 = Release|Any CPU
	EndGlobalSection
	GlobalSection(SolutionProperties) = preSolution
		HideSolutionNode = FALSE
	EndGlobalSection
	GlobalSection(ExtensibilityGlobals) = postSolution
		SolutionGuid = {FAF07E31-BC82-44A1-BC80-38A9C7F53044}
	EndGlobalSection
EndGlobal
